<?xml version="1.0" encoding="utf-8"?>
<Project ToolsVersion="4.0" xmlns="http://schemas.microsoft.com/developer/msbuild/2003">
  <ItemGroup>
    <Filter Include="Файлы исходного кода">
      <UniqueIdentifier>{4FC737F1-C7A5-4376-A066-2A32D752A2FF}</UniqueIdentifier>
      <Extensions>cpp;c;cc;cxx;def;odl;idl;hpj;bat;asm;asmx</Extensions>
    </Filter>
    <Filter Include="Заголовочные файлы">
      <UniqueIdentifier>{93995380-89BD-4b04-88EB-625FBE52EBFB}</UniqueIdentifier>
      <Extensions>h;hh;hpp;hxx;hm;inl;inc;xsd</Extensions>
    </Filter>
    <Filter Include="Файлы ресурсов">
      <UniqueIdentifier>{67DA6AB6-F800-4c08-8B7A-83BB121AAD01}</UniqueIdentifier>
      <Extensions>rc;ico;cur;bmp;dlg;rc2;rct;bin;rgs;gif;jpg;jpeg;jpe;resx;tiff;tif;png;wav;mfcribbon-ms</Extensions>
    </Filter>
    <Filter Include="Game">
      <UniqueIdentifier>{244e9e3e-bd96-4f71-a5a4-aa5ca5d5c0d1}</UniqueIdentifier>
    </Filter>
    <Filter Include="Game\GUI">
      <UniqueIdentifier>{5cde3c72-7268-42b2-9a53-9a2c52bbc491}</UniqueIdentifier>
    </Filter>
    <Filter Include="Game\States">
      <UniqueIdentifier>{c132be19-e5e3-497c-a2ee-cbf457f8a64b}</UniqueIdentifier>
    </Filter>
    <Filter Include="Game\Engine">
      <UniqueIdentifier>{c619335d-596f-4812-b662-492983527921}</UniqueIdentifier>
    </Filter>
    <Filter Include="Game\Engine\Spawner">
      <UniqueIdentifier>{9519b01b-7797-4385-b776-e95fd3de54be}</UniqueIdentifier>
    </Filter>
    <Filter Include="Game\Engine\Input">
      <UniqueIdentifier>{7ba210d5-2c9a-4fb6-8422-82f32bf35e4c}</UniqueIdentifier>
    </Filter>
    <Filter Include="Game\Engine\Objects">
      <UniqueIdentifier>{210acb12-6aa0-4497-9dae-4747a1bab168}</UniqueIdentifier>
    </Filter>
    <Filter Include="Game\States\Transitions">
      <UniqueIdentifier>{30b14b2b-2a09-4228-952c-b54ea0d5f39d}</UniqueIdentifier>
    </Filter>
    <Filter Include="Game\Engine\Backgrounds">
      <UniqueIdentifier>{1a7f9803-2819-4595-896e-83ffd302ae4a}</UniqueIdentifier>
    </Filter>
    <Filter Include="Game\Engine\Platforms">
      <UniqueIdentifier>{cf2761af-c576-4fca-a42e-88e6233e597e}</UniqueIdentifier>
    </Filter>
  </ItemGroup>
  <ItemGroup>
    <ClCompile Include="main.cpp">
      <Filter>Файлы исходного кода</Filter>
    </ClCompile>
    <ClCompile Include="RoundedRectangleShape.cpp">
      <Filter>Game\GUI</Filter>
    </ClCompile>
    <ClCompile Include="GameProcessState.cpp">
      <Filter>Game\States</Filter>
    </ClCompile>
    <ClCompile Include="DefaultEnemy.cpp">
      <Filter>Game\Engine\Objects</Filter>
    </ClCompile>
    <ClCompile Include="Enemy.cpp">
      <Filter>Game\Engine\Objects</Filter>
    </ClCompile>
    <ClCompile Include="Player.cpp">
      <Filter>Game\Engine\Objects</Filter>
    </ClCompile>
    <ClCompile Include="Game.cpp">
      <Filter>Game\Engine</Filter>
    </ClCompile>
    <ClCompile Include="Collidable.cpp">
      <Filter>Game\Engine</Filter>
    </ClCompile>
    <ClCompile Include="World.cpp">
      <Filter>Game\Engine</Filter>
    </ClCompile>
    <ClCompile Include="EnemySpawner.cpp">
      <Filter>Game\Engine\Spawner</Filter>
    </ClCompile>
    <ClCompile Include="InputHandler.cpp">
      <Filter>Game\Engine\Input</Filter>
    </ClCompile>
    <ClCompile Include="SpawnPresets.cpp">
      <Filter>Game\Engine\Spawner</Filter>
    </ClCompile>
    <ClCompile Include="MainMenuState.cpp">
      <Filter>Game\States</Filter>
    </ClCompile>
    <ClCompile Include="ToMenuTransition.cpp">
      <Filter>Game\States\Transitions</Filter>
    </ClCompile>
    <ClCompile Include="ToGameTransition.cpp">
      <Filter>Game\States\Transitions</Filter>
    </ClCompile>
    <ClCompile Include="FileManager.cpp">
      <Filter>Game\Engine</Filter>
    </ClCompile>
    <ClCompile Include="DebugOverlay.cpp">
      <Filter>Game\GUI</Filter>
    </ClCompile>
    <ClCompile Include="ParticleSystem.cpp">
      <Filter>Game\Engine</Filter>
    </ClCompile>
    <ClCompile Include="Button.cpp">
      <Filter>Game\GUI</Filter>
    </ClCompile>
    <ClCompile Include="PreparationState.cpp">
      <Filter>Game\States</Filter>
    </ClCompile>
    <ClCompile Include="RevivalState.cpp">
      <Filter>Game\States</Filter>
    </ClCompile>
    <ClCompile Include="IntroState.cpp">
      <Filter>Game\States</Filter>
    </ClCompile>
    <ClCompile Include="AcceptanceBackground.cpp">
      <Filter>Game\Engine\Backgrounds</Filter>
    </ClCompile>
    <ClCompile Include="PauseState.cpp">
      <Filter>Game\States</Filter>
    </ClCompile>
    <ClCompile Include="ToPauseTransition.cpp">
      <Filter>Game\States\Transitions</Filter>
    </ClCompile>
    <ClCompile Include="RenderButton.cpp">
      <Filter>Game\GUI</Filter>
    </ClCompile>
    <ClCompile Include="Subject.cpp">
      <Filter>Game\Engine</Filter>
    </ClCompile>
    <ClCompile Include="ResumeState.cpp">
      <Filter>Game\States</Filter>
    </ClCompile>
    <ClCompile Include="Animations.cpp">
      <Filter>Game</Filter>
    </ClCompile>
    <ClCompile Include="WindowsPlatform.cpp">
      <Filter>Game\Engine\Platforms</Filter>
    </ClCompile>
    <ClCompile Include="Platform.cpp">
      <Filter>Game\Engine\Platforms</Filter>
    </ClCompile>
    <ClCompile Include="AndroidPlatform.cpp">
      <Filter>Game\Engine\Platforms</Filter>
    </ClCompile>
    <ClCompile Include="tinystr.cpp">
      <Filter>Game\Engine</Filter>
    </ClCompile>
    <ClCompile Include="tinyxml.cpp">
      <Filter>Game\Engine</Filter>
    </ClCompile>
    <ClCompile Include="tinyxmlerror.cpp">
      <Filter>Game\Engine</Filter>
    </ClCompile>
    <ClCompile Include="tinyxmlparser.cpp">
      <Filter>Game\Engine</Filter>
    </ClCompile>
    <ClCompile Include="WallEnemy.cpp">
      <Filter>Game\Engine\Objects</Filter>
    </ClCompile>
  </ItemGroup>
  <ItemGroup>
    <ClInclude Include="Button.h">
      <Filter>Game\GUI</Filter>
    </ClInclude>
    <ClInclude Include="RoundedRectangleShape.h">
      <Filter>Game\GUI</Filter>
    </ClInclude>
    <ClInclude Include="GameProcessState.h">
      <Filter>Game\States</Filter>
    </ClInclude>
    <ClInclude Include="MainMenuState.h">
      <Filter>Game\States</Filter>
    </ClInclude>
    <ClInclude Include="GameState.h">
      <Filter>Game\States</Filter>
    </ClInclude>
    <ClInclude Include="DefaultEnemy.h">
      <Filter>Game\Engine\Objects</Filter>
    </ClInclude>
    <ClInclude Include="Enemy.h">
      <Filter>Game\Engine\Objects</Filter>
    </ClInclude>
    <ClInclude Include="Object.hpp">
      <Filter>Game\Engine\Objects</Filter>
    </ClInclude>
    <ClInclude Include="Player.h">
      <Filter>Game\Engine\Objects</Filter>
    </ClInclude>
    <ClInclude Include="Game.h">
      <Filter>Game\Engine</Filter>
    </ClInclude>
    <ClInclude Include="Collidable.hpp">
      <Filter>Game\Engine</Filter>
    </ClInclude>
    <ClInclude Include="World.h">
      <Filter>Game\Engine</Filter>
    </ClInclude>
    <ClInclude Include="EnemySpawner.h">
      <Filter>Game\Engine\Spawner</Filter>
    </ClInclude>
    <ClInclude Include="SpawnPresets.h">
      <Filter>Game\Engine\Spawner</Filter>
    </ClInclude>
    <ClInclude Include="Commands.hpp">
      <Filter>Game\Engine\Input</Filter>
    </ClInclude>
    <ClInclude Include="Controllable.hpp">
      <Filter>Game\Engine\Input</Filter>
    </ClInclude>
    <ClInclude Include="InputHandler.h">
      <Filter>Game\Engine\Input</Filter>
    </ClInclude>
    <ClInclude Include="ToMenuTransition.h">
      <Filter>Game\States\Transitions</Filter>
    </ClInclude>
    <ClInclude Include="ToGameTransition.h">
      <Filter>Game\States\Transitions</Filter>
    </ClInclude>
    <ClInclude Include="FileManager.h">
      <Filter>Game\Engine</Filter>
    </ClInclude>
    <ClInclude Include="Definitions.hpp">
      <Filter>Game</Filter>
    </ClInclude>
    <ClInclude Include="DebugOverlay.h">
      <Filter>Game\GUI</Filter>
    </ClInclude>
    <ClInclude Include="ParticleSystem.h">
      <Filter>Game\Engine</Filter>
    </ClInclude>
    <ClInclude Include="PreparationState.h">
      <Filter>Game\States</Filter>
    </ClInclude>
    <ClInclude Include="RevivalState.h">
      <Filter>Game\States</Filter>
    </ClInclude>
    <ClInclude Include="IntroState.h">
      <Filter>Game\States</Filter>
    </ClInclude>
    <ClInclude Include="AcceptanceBackground.h">
      <Filter>Game\Engine\Backgrounds</Filter>
    </ClInclude>
    <ClInclude Include="Background.hpp">
      <Filter>Game\Engine\Backgrounds</Filter>
    </ClInclude>
    <ClInclude Include="PauseState.h">
      <Filter>Game\States</Filter>
    </ClInclude>
    <ClInclude Include="ToPauseTransition.h">
      <Filter>Game\States\Transitions</Filter>
    </ClInclude>
    <ClInclude Include="RenderButton.h">
      <Filter>Game\GUI</Filter>
    </ClInclude>
    <ClInclude Include="Subject.h">
      <Filter>Game\Engine</Filter>
    </ClInclude>
    <ClInclude Include="Observer.hpp">
      <Filter>Game\Engine</Filter>
    </ClInclude>
    <ClInclude Include="ResumeState.h">
      <Filter>Game\States</Filter>
    </ClInclude>
    <ClInclude Include="Functions.hpp">
      <Filter>Game</Filter>
    </ClInclude>
    <ClInclude Include="Animations.h">
      <Filter>Game</Filter>
    </ClInclude>
    <ClInclude Include="Platform.h">
      <Filter>Game\Engine\Platforms</Filter>
    </ClInclude>
    <ClInclude Include="WindowsPlatform.h">
      <Filter>Game\Engine\Platforms</Filter>
    </ClInclude>
    <ClInclude Include="AndroidPlatform.h">
      <Filter>Game\Engine\Platforms</Filter>
    </ClInclude>
    <ClInclude Include="tinystr.h">
      <Filter>Game\Engine</Filter>
    </ClInclude>
    <ClInclude Include="tinyxml.h">
      <Filter>Game\Engine</Filter>
    </ClInclude>
    <ClInclude Include="WallEnemy.h">
      <Filter>Game\Engine\Objects</Filter>
    </ClInclude>
  </ItemGroup>
  <ItemGroup>
    <Text Include="SpawnPresets.txt">
      <Filter>Файлы ресурсов</Filter>
    </Text>
  </ItemGroup>
  <ItemGroup>
    <None Include="RadialGradient.frag">
      <Filter>Файлы ресурсов</Filter>
    </None>
    <None Include="Courtesy.ogg">
      <Filter>Файлы ресурсов</Filter>
    </None>
    <None Include="Otis.ogg">
      <Filter>Файлы ресурсов</Filter>
    </None>
    <None Include="Space.ogg">
      <Filter>Файлы ресурсов</Filter>
    </None>
    <None Include="RadialGradient.vert">
      <Filter>Файлы ресурсов</Filter>
    </None>
    <None Include="Blur.frag">
      <Filter>Файлы ресурсов</Filter>
    </None>
    <None Include="Blur.vert">
      <Filter>Файлы ресурсов</Filter>
    </None>
    <None Include="score.sds">
      <Filter>Файлы ресурсов</Filter>
    </None>
  </ItemGroup>
  <ItemGroup>
    <Font Include="HelveticaNeueCyr.otf">
      <Filter>Файлы ресурсов</Filter>
    </Font>
    <Font Include="FuturicaBs.ttf">
      <Filter>Файлы ресурсов</Filter>
    </Font>
    <Font Include="GameButtons.ttf">
      <Filter>Файлы ресурсов</Filter>
    </Font>
  </ItemGroup>
  <ItemGroup>
    <Xml Include="Data\SpawnPresets.xml" />
  </ItemGroup>
</Project>